{
  "name": "ajs_test",
  "version": "1.0.0",
  "lockfileVersion": 2,
  "requires": true,
  "packages": {
    "": {
      "name": "ajs_test",
      "version": "1.0.0",
      "license": "ISC",
      "dependencies": {
        "@comradexlight/ajs": "^1.0.0"
      }
    },
    "node_modules/@comradexlight/ajs": {
      "version": "1.0.0",
      "resolved": "https://npm.pkg.github.com/download/@comradexlight/ajs/1.0.0/a4e6f94bb5fc1b0106a54becddd93f54127551ddb1a36a47562ff8d97b8672c6",
      "integrity": "sha512-wHaIFOcZWzz/WswaDiF2iNAMtGKTtVhjskySKV67s/kBlhwlYQVtV29OVqlShFkoB6zwlyBesg5//HBiSiOSSQ==",
      "license": "ISC"
    }
  },
  "dependencies": {
    "@comradexlight/ajs": {
      "version": "1.0.0",
      "resolved": "https://npm.pkg.github.com/download/@comradexlight/ajs/1.0.0/a4e6f94bb5fc1b0106a54becddd93f54127551ddb1a36a47562ff8d97b8672c6",
      "integrity": "sha512-wHaIFOcZWzz/WswaDiF2iNAMtGKTtVhjskySKV67s/kBlhwlYQVtV29OVqlShFkoB6zwlyBesg5//HBiSiOSSQ=="
    }
  }
}
